# This file was autogenerated by Stack.
# You should not edit this file by hand.
# For more information, please see the documentation at:
#   https://docs.haskellstack.org/en/stable/lock_files

packages:
- completed:
    hackage: discord-haskell-0.8.3@sha256:6fe78c3b94ed679bb1fcc5a92f441ec249e510f018a8c6c11138745b18fd5322,2978
    pantry-tree:
      size: 1407
      sha256: 893c44024aaffce849db18d36792798f6ddaee78d83c00e221f3810236138fd1
  original:
    hackage: discord-haskell-0.8.3@sha256:6fe78c3b94ed679bb1fcc5a92f441ec249e510f018a8c6c11138745b18fd5322,2978
snapshots:
- completed:
    size: 499461
    url: https://raw.githubusercontent.com/commercialhaskell/stackage-snapshots/master/lts/13/25.yaml
    sha256: aed98969628e20615e96b06083c933c7e3354ae56b08b75e607a26569225d6c0
  original: lts-13.25
